
Microsoft Visual Studio Solution File, Format Version 11.00
# Visual Studio 2010
Project("{8BC9CEB8-8B4A-11D0-8D11-00A0C91BC942}") = "GeneralObjectRecognition", "GeneralObjectRecognition\GeneralObjectRecognition.vcxproj", "{5EDD3E37-F656-45F1-86CF-7EDDFA801EEA}"
EndProject
Project("{8BC9CEB8-8B4A-11D0-8D11-00A0C91BC942}") = "FeatureExtractionTest", "FeatureExtractionTest\FeatureExtractionTest.vcxproj", "{C3175318-D363-4273-8A13-45E3AE44281D}"
EndProject
Project("{2150E333-8FDC-42A3-9474-1A3956D46DE8}") = "Solution Items", "Solution Items", "{D7994DA6-9FDA-44A7-9AEC-F2B709D5170A}"
EndProject
Project("{8BC9CEB8-8B4A-11D0-8D11-00A0C91BC942}") = "VisualWordGenerator", "VisualWordGenerator\VisualWordGenerator.vcxproj", "{1C755B6A-956D-464F-990C-009BEFA6A73A}"
EndProject
Project("{8BC9CEB8-8B4A-11D0-8D11-00A0C91BC942}") = "BoFGenerator", "BoFGenerator\BoFGenerator.vcxproj", "{096451F8-38A7-4995-B772-B292C2527574}"
EndProject
Project("{8BC9CEB8-8B4A-11D0-8D11-00A0C91BC942}") = "Training", "Training\Training.vcxproj", "{FA020966-E432-41CF-AF30-5F14584F65D0}"
EndProject
Global
	GlobalSection(TestCaseManagementSettings) = postSolution
		CategoryFile = GeneralObjectRecognition.vsmdi
	EndGlobalSection
	GlobalSection(SolutionConfigurationPlatforms) = preSolution
		Debug|Win32 = Debug|Win32
		Release|Win32 = Release|Win32
	EndGlobalSection
	GlobalSection(ProjectConfigurationPlatforms) = postSolution
		{5EDD3E37-F656-45F1-86CF-7EDDFA801EEA}.Debug|Win32.ActiveCfg = Debug|Win32
		{5EDD3E37-F656-45F1-86CF-7EDDFA801EEA}.Debug|Win32.Build.0 = Debug|Win32
		{5EDD3E37-F656-45F1-86CF-7EDDFA801EEA}.Release|Win32.ActiveCfg = Release|x64
		{5EDD3E37-F656-45F1-86CF-7EDDFA801EEA}.Release|Win32.Build.0 = Release|x64
		{C3175318-D363-4273-8A13-45E3AE44281D}.Debug|Win32.ActiveCfg = Debug|Win32
		{C3175318-D363-4273-8A13-45E3AE44281D}.Debug|Win32.Build.0 = Debug|Win32
		{C3175318-D363-4273-8A13-45E3AE44281D}.Release|Win32.ActiveCfg = Release|x64
		{C3175318-D363-4273-8A13-45E3AE44281D}.Release|Win32.Build.0 = Release|x64
		{1C755B6A-956D-464F-990C-009BEFA6A73A}.Debug|Win32.ActiveCfg = Debug|Win32
		{1C755B6A-956D-464F-990C-009BEFA6A73A}.Debug|Win32.Build.0 = Debug|Win32
		{1C755B6A-956D-464F-990C-009BEFA6A73A}.Release|Win32.ActiveCfg = Release|x64
		{1C755B6A-956D-464F-990C-009BEFA6A73A}.Release|Win32.Build.0 = Release|x64
		{096451F8-38A7-4995-B772-B292C2527574}.Debug|Win32.ActiveCfg = Debug|Win32
		{096451F8-38A7-4995-B772-B292C2527574}.Debug|Win32.Build.0 = Debug|Win32
		{096451F8-38A7-4995-B772-B292C2527574}.Release|Win32.ActiveCfg = Release|x64
		{096451F8-38A7-4995-B772-B292C2527574}.Release|Win32.Build.0 = Release|x64
		{FA020966-E432-41CF-AF30-5F14584F65D0}.Debug|Win32.ActiveCfg = Debug|Win32
		{FA020966-E432-41CF-AF30-5F14584F65D0}.Debug|Win32.Build.0 = Debug|Win32
		{FA020966-E432-41CF-AF30-5F14584F65D0}.Release|Win32.ActiveCfg = Release|x64
		{FA020966-E432-41CF-AF30-5F14584F65D0}.Release|Win32.Build.0 = Release|x64
	EndGlobalSection
	GlobalSection(SolutionProperties) = preSolution
		HideSolutionNode = FALSE
	EndGlobalSection
EndGlobal
